
Microsoft Visual Studio Solution File, Format Version 12.00
# Visual Studio Version 17
VisualStudioVersion = 17.9.34701.34
MinimumVisualStudioVersion = 10.0.40219.1
Project("{9A19103F-16F7-4668-BE54-9A1E7A4F7556}") = "Harri.SchoolDemoAPI.BlazorWASM", "Harri.SchoolDemoAPI.BlazorWASM\Harri.SchoolDemoAPI.BlazorWASM.csproj", "{45F0B7F8-8151-46A6-89E4-5415ADD79AA9}"
EndProject
Project("{FAE04EC0-301F-11D3-BF4B-00C04F79EFBC}") = "Harri.SchoolDemoAPI.BlazorWASM.Tests.Unit", "Harri.SchoolDemoAPI.BlazorWASM.Tests.Unit\Harri.SchoolDemoAPI.BlazorWASM.Tests.Unit.csproj", "{B51F76C2-A1B7-4B91-ADEB-4DE55A976C6A}"
EndProject
Global
	GlobalSection(SolutionConfigurationPlatforms) = preSolution
		Debug|Any CPU = Debug|Any CPU
		Release|Any CPU = Release|Any CPU
	EndGlobalSection
	GlobalSection(ProjectConfigurationPlatforms) = postSolution
		{45F0B7F8-8151-46A6-89E4-5415ADD79AA9}.Debug|Any CPU.ActiveCfg = Debug|Any CPU
		{45F0B7F8-8151-46A6-89E4-5415ADD79AA9}.Debug|Any CPU.Build.0 = Debug|Any CPU
		{45F0B7F8-8151-46A6-89E4-5415ADD79AA9}.Release|Any CPU.ActiveCfg = Release|Any CPU
		{45F0B7F8-8151-46A6-89E4-5415ADD79AA9}.Release|Any CPU.Build.0 = Release|Any CPU
		{B51F76C2-A1B7-4B91-ADEB-4DE55A976C6A}.Debug|Any CPU.ActiveCfg = Debug|Any CPU
		{B51F76C2-A1B7-4B91-ADEB-4DE55A976C6A}.Debug|Any CPU.Build.0 = Debug|Any CPU
		{B51F76C2-A1B7-4B91-ADEB-4DE55A976C6A}.Release|Any CPU.ActiveCfg = Release|Any CPU
		{B51F76C2-A1B7-4B91-ADEB-4DE55A976C6A}.Release|Any CPU.Build.0 = Release|Any CPU
	EndGlobalSection
	GlobalSection(SolutionProperties) = preSolution
		HideSolutionNode = FALSE
	EndGlobalSection
	GlobalSection(ExtensibilityGlobals) = postSolution
		SolutionGuid = {D97C6899-17CD-45B7-8AB1-0A52FE540DD2}
	EndGlobalSection
EndGlobal
